
Microsoft Visual Studio Solution File, Format Version 12.00
# Visual Studio 15
VisualStudioVersion = 15.0.27130.2027
MinimumVisualStudioVersion = 10.0.40219.1
Project("{FAE04EC0-301F-11D3-BF4B-00C04F79EFBC}") = "TTService", "TTService\TTService.csproj", "{57CCCF4B-A95A-4817-999F-691E78BF8F4C}"
EndProject
Project("{FAE04EC0-301F-11D3-BF4B-00C04F79EFBC}") = "TTServiceHost", "TTServiceHost\TTServiceHost.csproj", "{169946F0-EB5C-47DE-8854-C6540441F8BE}"
EndProject
Project("{FAE04EC0-301F-11D3-BF4B-00C04F79EFBC}") = "TTSolver", "TTSolver\TTSolver.csproj", "{49D2E39A-DC5B-4A9B-A359-363BE8BB9320}"
	ProjectSection(ProjectDependencies) = postProject
		{57CCCF4B-A95A-4817-999F-691E78BF8F4C} = {57CCCF4B-A95A-4817-999F-691E78BF8F4C}
	EndProjectSection
EndProject
Global
	GlobalSection(SolutionConfigurationPlatforms) = preSolution
		Debug|Any CPU = Debug|Any CPU
		Release|Any CPU = Release|Any CPU
	EndGlobalSection
	GlobalSection(ProjectConfigurationPlatforms) = postSolution
		{57CCCF4B-A95A-4817-999F-691E78BF8F4C}.Debug|Any CPU.ActiveCfg = Debug|Any CPU
		{57CCCF4B-A95A-4817-999F-691E78BF8F4C}.Debug|Any CPU.Build.0 = Debug|Any CPU
		{57CCCF4B-A95A-4817-999F-691E78BF8F4C}.Release|Any CPU.ActiveCfg = Release|Any CPU
		{57CCCF4B-A95A-4817-999F-691E78BF8F4C}.Release|Any CPU.Build.0 = Release|Any CPU
		{169946F0-EB5C-47DE-8854-C6540441F8BE}.Debug|Any CPU.ActiveCfg = Debug|Any CPU
		{169946F0-EB5C-47DE-8854-C6540441F8BE}.Debug|Any CPU.Build.0 = Debug|Any CPU
		{169946F0-EB5C-47DE-8854-C6540441F8BE}.Release|Any CPU.ActiveCfg = Release|Any CPU
		{169946F0-EB5C-47DE-8854-C6540441F8BE}.Release|Any CPU.Build.0 = Release|Any CPU
		{49D2E39A-DC5B-4A9B-A359-363BE8BB9320}.Debug|Any CPU.ActiveCfg = Debug|Any CPU
		{49D2E39A-DC5B-4A9B-A359-363BE8BB9320}.Debug|Any CPU.Build.0 = Debug|Any CPU
		{49D2E39A-DC5B-4A9B-A359-363BE8BB9320}.Release|Any CPU.ActiveCfg = Release|Any CPU
		{49D2E39A-DC5B-4A9B-A359-363BE8BB9320}.Release|Any CPU.Build.0 = Release|Any CPU
	EndGlobalSection
	GlobalSection(SolutionProperties) = preSolution
		HideSolutionNode = FALSE
	EndGlobalSection
	GlobalSection(ExtensibilityGlobals) = postSolution
		SolutionGuid = {9A3A3045-8D6C-4C06-8F61-765E2065F8B8}
	EndGlobalSection
EndGlobal
