
Microsoft Visual Studio Solution File, Format Version 12.00
# Visual Studio 15
VisualStudioVersion = 15.0.27428.2037
MinimumVisualStudioVersion = 10.0.40219.1
Project("{FAE04EC0-301F-11D3-BF4B-00C04F79EFBC}") = "Server", "Server\Server.csproj", "{2634BDA5-C4BC-424B-A3F4-381F3F7E9EE2}"
	ProjectSection(ProjectDependencies) = postProject
		{775B4A12-1E21-4811-873B-4EEFA6FFC563} = {775B4A12-1E21-4811-873B-4EEFA6FFC563}
	EndProjectSection
EndProject
Project("{FAE04EC0-301F-11D3-BF4B-00C04F79EFBC}") = "TTService", "TTService\TTService.csproj", "{775B4A12-1E21-4811-873B-4EEFA6FFC563}"
EndProject
Global
	GlobalSection(SolutionConfigurationPlatforms) = preSolution
		Debug|Any CPU = Debug|Any CPU
		Release|Any CPU = Release|Any CPU
	EndGlobalSection
	GlobalSection(ProjectConfigurationPlatforms) = postSolution
		{2634BDA5-C4BC-424B-A3F4-381F3F7E9EE2}.Debug|Any CPU.ActiveCfg = Debug|Any CPU
		{2634BDA5-C4BC-424B-A3F4-381F3F7E9EE2}.Debug|Any CPU.Build.0 = Debug|Any CPU
		{2634BDA5-C4BC-424B-A3F4-381F3F7E9EE2}.Release|Any CPU.ActiveCfg = Release|Any CPU
		{2634BDA5-C4BC-424B-A3F4-381F3F7E9EE2}.Release|Any CPU.Build.0 = Release|Any CPU
		{775B4A12-1E21-4811-873B-4EEFA6FFC563}.Debug|Any CPU.ActiveCfg = Debug|Any CPU
		{775B4A12-1E21-4811-873B-4EEFA6FFC563}.Debug|Any CPU.Build.0 = Debug|Any CPU
		{775B4A12-1E21-4811-873B-4EEFA6FFC563}.Release|Any CPU.ActiveCfg = Release|Any CPU
		{775B4A12-1E21-4811-873B-4EEFA6FFC563}.Release|Any CPU.Build.0 = Release|Any CPU
	EndGlobalSection
	GlobalSection(SolutionProperties) = preSolution
		HideSolutionNode = FALSE
	EndGlobalSection
	GlobalSection(ExtensibilityGlobals) = postSolution
		SolutionGuid = {E1C221A8-99DB-451D-8060-24F6DBD958D4}
	EndGlobalSection
EndGlobal
